PackratFormat: 1.4
PackratVersion: 0.4.8.1
RVersion: 3.3.2
Repos: CRAN=https://cran.rstudio.com/

Package: BH
Source: CRAN
Version: 1.62.0-1
Hash: 14dfb3e8ffe20996118306ff4de1fab2

Package: DBI
Source: CRAN
Version: 0.5-1
Hash: 375869004db963f9915f2b8a49b4a718

Package: DEoptimR
Source: CRAN
Version: 1.0-8
Hash: adc74e88e85eabe6c7d73db6a86fe6cf

Package: KernSmooth
Source: CRAN
Version: 2.23-15
Hash: aa5fd163456721a62d34a98fddc510bf

Package: MASS
Source: CRAN
Version: 7.3-45
Hash: 0650d5701aa7e369e77c9e2c8e1dc913

Package: Matrix
Source: CRAN
Version: 1.2-8
Hash: 496395eb8eae0fc9a82c8d60758f544c
Requires: lattice

Package: R6
Source: CRAN
Version: 2.2.0
Hash: 712773a3439bd32db5c40938e1a9aac2

Package: RColorBrewer
Source: CRAN
Version: 1.1-2
Hash: c0d56cd15034f395874c870141870c25

Package: RCurl
Source: CRAN
Version: 1.95-4.8
Hash: 79c7d5a8684e44e0e3426d3093aa7d90
Requires: bitops

Package: RJDBC
Source: CRAN
Version: 0.2-5
Requires: DBI, rJava

Package: ROCR
Source: CRAN
Version: 1.0-7
Hash: 086f78987ebf3c55b01013ee64a5e1e2
Requires: gplots

Package: RSQLite
Source: CRAN
Version: 1.1-2
Hash: 7a3058932663af6b134dd9578924e14a
Requires: BH, DBI, Rcpp, memoise, plogr

Package: Rcpp
Source: CRAN
Version: 0.12.8
Hash: 436ad5c23fad4e22224c7ac2fc82b049

Package: Rook
Source: CRAN
Version: 1.1-1
Requires: brew

Package: arules
Source: CRAN
Version: 1.5-0
Requires: Matrix

Package: assertthat
Source: CRAN
Version: 0.1
Hash: 0afb92b59b02593c70ff8046700ba9d3

Package: backports
Source: CRAN
Version: 1.0.4
Hash: d8ada9ba0406f95eb7cebaef5e6b5d19

Package: base64enc
Source: CRAN
Version: 0.1-3
Hash: c590d29e555926af053055e23ee79efb

Package: bitops
Source: CRAN
Version: 1.0-6
Hash: 67d0775189fd0041d95abca618c5c07e

Package: brew
Source: CRAN
Version: 1.0-6

Package: caTools
Source: CRAN
Version: 1.17.1
Hash: 97cb6f6293cd18d17df77a6383cc6763
Requires: bitops

Package: chron
Source: CRAN
Version: 2.3-48
Hash: 40e782a5e80c12eb63c4b0d901dae184

Package: class
Source: CRAN
Version: 7.3-14
Hash: 98330808284e70f0bce1f8ff419d4032
Requires: MASS

Package: cluster
Source: CRAN
Version: 2.0.5
Hash: 80ca2d4d18a212e4dbefbfc39f079121

Package: colorspace
Source: CRAN
Version: 1.3-2
Hash: 0bf8618b585fa98eb23414cd3ab95118

Package: ctv
Source: CRAN
Version: 0.8-2
Hash: eb5d2f202c84b423fab898da8008f485

Package: dichromat
Source: CRAN
Version: 2.0-0
Hash: 08eed0c80510af29bb15f840ccfe37ce

Package: digest
Source: CRAN
Version: 0.6.11
Hash: e959a80e637182a39f4f865ef4fc51cc

Package: diptest
Source: CRAN
Version: 0.75-7
Hash: de93e5330ff45c5795d0bae12c8a9695

Package: dplyr
Source: CRAN
Version: 0.5.0
Hash: 3dcd1c1192d66441a627252b535e5cc2
Requires: BH, DBI, R6, Rcpp, assertthat, lazyeval, magrittr, tibble

Package: e1071
Source: CRAN
Version: 1.6-8
Hash: 20320ec66d4dc608654769145b7c624a
Requires: class

Package: evaluate
Source: CRAN
Version: 0.10
Hash: c3601a10c987d439e0c63ec635234a76
Requires: stringr

Package: flexmix
Source: CRAN
Version: 2.3-13
Hash: 4c5ae92368e1cc01c26afd1e67b66cd3
Requires: lattice, modeltools, nnet

Package: fpc
Source: CRAN
Version: 2.1-10
Hash: e537c1c8a52f67db5296c272e9090cbc
Requires: MASS, class, cluster, diptest, flexmix, kernlab, mclust,
    mvtnorm, prabclus, robustbase, trimcluster

Package: gdata
Source: CRAN
Version: 2.17.0
Hash: e7d520c2a9597b303f54499e3bd90644
Requires: gtools

Package: ggplot2
Source: CRAN
Version: 2.2.1
Hash: 46e5cb78836848aa44655e577433f54b
Requires: MASS, digest, gtable, lazyeval, plyr, reshape2, scales,
    tibble

Package: gplots
Source: CRAN
Version: 3.0.1
Hash: b7abe122479c203aa236499b7fc4b816
Requires: KernSmooth, caTools, gdata, gtools

Package: gsubfn
Source: CRAN
Version: 0.6-6
Hash: cc1999b8ee76bbf10c968ac973290421
Requires: proto

Package: gtable
Source: CRAN
Version: 0.2.0
Hash: cd78381a9d3fea966ac39bd0daaf5554

Package: gtools
Source: CRAN
Version: 3.5.0
Hash: 471b2e2452dfb30fdc1dd6f1b567925a

Package: hexbin
Source: CRAN
Version: 1.27.1
Hash: 9f94c576cc4b9e83fd714ae8387272e6
Requires: lattice

Package: highr
Source: CRAN
Version: 0.6
Hash: aa3d5b7912b5fed4b546ed5cd2a1760b

Package: htmltools
Source: CRAN
Version: 0.3.5
Hash: 49415ab4718e9d37c7ddf74988493c23
Requires: Rcpp, digest

Package: jsonlite
Source: CRAN
Version: 1.2
Hash: 3a193a612cae6814719ed523f7e7cf44

Package: kernlab
Source: CRAN
Version: 0.9-25
Hash: bf60122a2e1f073661edb69651a682c2

Package: knitr
Source: CRAN
Version: 1.15.1
Hash: eed7437e2b614c9e3923b7932b16ac97
Requires: digest, evaluate, highr, markdown, stringr, yaml

Package: labeling
Source: CRAN
Version: 0.3
Hash: ecf589b42cd284b03a4beb9665482d3e

Package: lattice
Source: CRAN
Version: 0.20-34
Hash: 4390fc5602fd36017be70a27f7123ff3

Package: lazyeval
Source: CRAN
Version: 0.2.0
Hash: 3d6e7608e65bbf5cb170dab1e3c9ed8b

Package: magrittr
Source: CRAN
Version: 1.5
Hash: bdc4d48c3135e8f3b399536ddf160df4

Package: markdown
Source: CRAN
Version: 0.7.7
Hash: fea2343a1119d61b0cc5c0a950d103a3
Requires: mime

Package: mclust
Source: CRAN
Version: 5.2.2
Hash: 76bfc55e22dd72874970f3b5620df713

Package: memoise
Source: CRAN
Version: 1.0.0
Hash: 56e7087c3559eb7ba72a9afb349bf896
Requires: digest

Package: mgcv
Source: CRAN
Version: 1.8-16
Hash: 29f01afb1c7c3efaa3a7933eb6e57b69
Requires: Matrix, nlme

Package: mime
Source: CRAN
Version: 0.5
Hash: 463550cf44fb6f0a2359368f42eebe62

Package: modeltools
Source: CRAN
Version: 0.2-21
Hash: 3dc03397b2a4375c8a5e5f09c8cf0ae1

Package: munsell
Source: CRAN
Version: 0.4.3
Hash: f96d896947fcaf9b6d0074002e9f4f9d
Requires: colorspace

Package: mvtnorm
Source: CRAN
Version: 1.0-5
Hash: 55a3581188e15f13f5ba19c18e151ac2

Package: nlme
Source: CRAN
Version: 3.1-128
Hash: 72d50aad85f45456d60ded8ee47a8454
Requires: lattice

Package: nnet
Source: CRAN
Version: 7.3-12
Hash: 42c83a1f063b40fd8bb6ad68ed528aa5

Package: packrat
Source: CRAN
Version: 0.4.8-1
Hash: 6ad605ba7b4b476d84be6632393f5765

Package: plogr
Source: CRAN
Version: 0.1-1
Hash: fb19215402e2d9f1c7f803dcaa806fc2

Package: plyr
Source: CRAN
Version: 1.8.4
Hash: fee2f470d73a85f4db7e89d771427e57
Requires: Rcpp

Package: prabclus
Source: CRAN
Version: 2.2-6
Hash: e646245afbb6b8ed25e22e8a76b781cd
Requires: MASS, mclust

Package: proto
Source: CRAN
Version: 1.0.0
Hash: f9a2528572320c1e0bc8783dfd6e0fae

Package: rJava
Source: CRAN
Version: 0.9-8
Hash: 3e8627a2a5bd45c9bad6112acfc231d9

Package: randomForest
Source: CRAN
Version: 4.6-12
Hash: b37274857316c7b9431cc7f72aaffb77

Package: reshape2
Source: CRAN
Version: 1.4.2
Hash: fd2714b51cb380c30fec1687005587a2
Requires: Rcpp, plyr, stringr

Package: rmarkdown
Source: CRAN
Version: 1.3
Hash: d8f0cf248116dbdfc23f35991d0ed3f7
Requires: base64enc, caTools, evaluate, htmltools, jsonlite, knitr,
    rprojroot, yaml

Package: robustbase
Source: CRAN
Version: 0.92-7
Hash: 8d57db5d29d2a4dddaac976d7054428d
Requires: DEoptimR

Package: rpart
Source: CRAN
Version: 4.1-10
Hash: 1eeecd328c5297c43e9d139944bb0775

Package: rprojroot
Source: CRAN
Version: 1.1
Hash: bd5b942006c3fa1352c07ba765a2c670
Requires: backports

Package: scales
Source: CRAN
Version: 0.4.1
Hash: cf658953d600d4736b058df1558df481
Requires: RColorBrewer, Rcpp, dichromat, labeling, munsell, plyr

Package: sqldf
Source: CRAN
Version: 0.4-10
Hash: 46cd78edf0fc3c746c7d26f44fcb4e50
Requires: DBI, RSQLite, chron, gsubfn, proto

Package: stringi
Source: CRAN
Version: 1.1.2
Hash: 1ad6b1cc11d982ac233bf2fa2f7c9684

Package: stringr
Source: CRAN
Version: 1.1.0
Hash: 4d21d0063b37a17ea18eaec6acd29bf3
Requires: magrittr, stringi

Package: tibble
Source: CRAN
Version: 1.2
Hash: ee28ae66deec042f19aff6fa10f5f8d5
Requires: Rcpp, assertthat, lazyeval

Package: trimcluster
Source: CRAN
Version: 0.1-2
Hash: 662a899a1377c7d3f2cef1722e335aff

Package: yaml
Source: CRAN
Version: 2.1.14
Hash: c81230c3a7d9ba20607ad6b4331173d1
